
Microsoft Visual Studio Solution File, Format Version 12.00
# Visual Studio 2012
Project("{FAE04EC0-301F-11D3-BF4B-00C04F79EFBC}") = "Hexity", "Hexity\Hexity.csproj", "{AA58B3FC-9FB5-4567-A00F-AC12B5EB6E39}"
EndProject
Project("{FAE04EC0-301F-11D3-BF4B-00C04F79EFBC}") = "Core", "Core\Core.csproj", "{72F6CBDA-5977-4D85-9873-80096C5ADBAE}"
EndProject
Global
	GlobalSection(SolutionConfigurationPlatforms) = preSolution
		Debug|x86 = Debug|x86
		Release|x86 = Release|x86
	EndGlobalSection
	GlobalSection(ProjectConfigurationPlatforms) = postSolution
		{AA58B3FC-9FB5-4567-A00F-AC12B5EB6E39}.Debug|x86.ActiveCfg = Debug|x86
		{AA58B3FC-9FB5-4567-A00F-AC12B5EB6E39}.Debug|x86.Build.0 = Debug|x86
		{AA58B3FC-9FB5-4567-A00F-AC12B5EB6E39}.Release|x86.ActiveCfg = Release|x86
		{AA58B3FC-9FB5-4567-A00F-AC12B5EB6E39}.Release|x86.Build.0 = Release|x86
		{72F6CBDA-5977-4D85-9873-80096C5ADBAE}.Debug|x86.ActiveCfg = Debug|Any CPU
		{72F6CBDA-5977-4D85-9873-80096C5ADBAE}.Debug|x86.Build.0 = Debug|Any CPU
		{72F6CBDA-5977-4D85-9873-80096C5ADBAE}.Release|x86.ActiveCfg = Release|Any CPU
		{72F6CBDA-5977-4D85-9873-80096C5ADBAE}.Release|x86.Build.0 = Release|Any CPU
	EndGlobalSection
EndGlobal
